# THIS IS AN AUTOGENERATED FILE. DO NOT EDIT THIS FILE DIRECTLY.
# yarn lockfile v1


"@discordjs/builders@^0.14.0":
  "integrity" "sha512-+fqLIqa9wN3R+kvlld8sgG0nt04BAZxdCDP4t2qZ9TJsquLWA+xMtT8Waibb3d4li4AQS+IOfjiHAznv/dhHgQ=="
  "resolved" "https://registry.npmjs.org/@discordjs/builders/-/builders-0.14.0.tgz"
  "version" "0.14.0"
  dependencies:
    "@sapphire/shapeshift" "^3.1.0"
    "@sindresorhus/is" "^4.6.0"
    "discord-api-types" "^0.33.3"
    "fast-deep-equal" "^3.1.3"
    "ts-mixer" "^6.0.1"
    "tslib" "^2.4.0"

"@discordjs/collection@^0.7.0":
  "integrity" "sha512-R5i8Wb8kIcBAFEPLLf7LVBQKBDYUL+ekb23sOgpkpyGT+V4P7V83wTxcsqmX+PbqHt4cEHn053uMWfRqh/Z/nA=="
  "resolved" "https://registry.npmjs.org/@discordjs/collection/-/collection-0.7.0.tgz"
  "version" "0.7.0"

"@sapphire/async-queue@^1.3.1":
  "integrity" "sha512-FFTlPOWZX1kDj9xCAsRzH5xEJfawg1lNoYAA+ecOWJMHOfiZYb1uXOI3ne9U4UILSEPwfE68p3T9wUHwIQfR0g=="
  "resolved" "https://registry.npmjs.org/@sapphire/async-queue/-/async-queue-1.3.1.tgz"
  "version" "1.3.1"

"@sapphire/shapeshift@^3.1.0":
  "integrity" "sha512-6MNupTaIXtyVCHuejbTIE/Wmw35FKbpfRhiPCkxaQHm76iHICaWNO0oej0lipLb7vhK8mQHQn3zE6umOVvwGLw=="
  "resolved" "https://registry.npmjs.org/@sapphire/shapeshift/-/shapeshift-3.3.0.tgz"
  "version" "3.3.0"

"@sindresorhus/is@^0.14.0":
  "integrity" "sha512-9NET910DNaIPngYnLLPeg+Ogzqsi9uM4mSboU5y6p8S5DzMTVEsJZrawi+BoDNUVBa2DhJqQYUFvMDfgU062LQ=="
  "resolved" "https://registry.npmjs.org/@sindresorhus/is/-/is-0.14.0.tgz"
  "version" "0.14.0"

"@sindresorhus/is@^4.6.0":
  "integrity" "sha512-t09vSN3MdfsyCHoFcTRCH/iUtG7OJ0CsjzB8cjAmKc/va/kIgeDI/TxsigdncE/4be734m0cvIYwNaV4i2XqAw=="
  "resolved" "https://registry.npmjs.org/@sindresorhus/is/-/is-4.6.0.tgz"
  "version" "4.6.0"

"@szmarczak/http-timer@^1.1.2":
  "integrity" "sha512-XIB2XbzHTN6ieIjfIMV9hlVcfPU26s2vafYWQcZHWXHOxiaRZYEDKEwdl129Zyg50+foYV2jCgtrqSA6qNuNSA=="
  "resolved" "https://registry.npmjs.org/@szmarczak/http-timer/-/http-timer-1.1.2.tgz"
  "version" "1.1.2"
  dependencies:
    "defer-to-connect" "^1.0.1"

"@types/node-fetch@^2.6.1":
  "integrity" "sha512-DHqhlq5jeESLy19TYhLakJ07kNumXWjcDdxXsLUMJZ6ue8VZJj4kLPQVE/2mdHh3xZziNF1xppu5lwmS53HR+A=="
  "resolved" "https://registry.npmjs.org/@types/node-fetch/-/node-fetch-2.6.2.tgz"
  "version" "2.6.2"
  dependencies:
    "@types/node" "*"
    "form-data" "^3.0.0"

"@types/node@*":
  "integrity" "sha512-cHlGmko4gWLVI27cGJntjs/Sj8th9aYwplmZFwmmgYQQvL5NUsgVJG7OddLvNfLqYS31KFN0s3qlaD9qCaxACA=="
  "resolved" "https://registry.npmjs.org/@types/node/-/node-18.0.0.tgz"
  "version" "18.0.0"

"@types/ws@^8.5.3":
  "integrity" "sha512-6YOoWjruKj1uLf3INHH7D3qTXwFfEsg1kf3c0uDdSBJwfa/llkwIjrAGV7j7mVgGNbzTQ3HiHKKDXl6bJPD97w=="
  "resolved" "https://registry.npmjs.org/@types/ws/-/ws-8.5.3.tgz"
  "version" "8.5.3"
  dependencies:
    "@types/node" "*"

"@vitalets/google-translate-api@^8.0.0":
  "integrity" "sha512-CHOi8DRgDAoLlFQy9pm1KHUauIk5ZXys3+Eh0aSYxzJSuxAE7Z2UL8+5MgNdl1oX7t/O7u+SwGhkhu6+U1bNcg=="
  "resolved" "https://registry.npmjs.org/@vitalets/google-translate-api/-/google-translate-api-8.0.0.tgz"
  "version" "8.0.0"
  dependencies:
    "configstore" "^5.0.1"
    "got" "^9.6.0"

"argparse@^2.0.1":
  "integrity" "sha512-8+9WqebbFzpX9OR+Wa6O29asIogeRMzcGtAINdpMHHyAg10f05aSFVBbcEqGf/PXw1EjAZ+q2/bEBg3DvurK3Q=="
  "resolved" "https://registry.npmjs.org/argparse/-/argparse-2.0.1.tgz"
  "version" "2.0.1"

"asynckit@^0.4.0":
  "integrity" "sha512-Oei9OH4tRh0YqU3GxhX79dM/mwVgvbZJaSNaRk+bshkj0S5cfHcgYakreBjrHwatXKbz+IoIdYLxrKim2MjW0Q=="
  "resolved" "https://registry.npmjs.org/asynckit/-/asynckit-0.4.0.tgz"
  "version" "0.4.0"

"cacheable-request@^6.0.0":
  "integrity" "sha512-Oj3cAGPCqOZX7Rz64Uny2GYAZNliQSqfbePrgAQ1wKAihYmCUnraBtJtKcGR4xz7wF+LoJC+ssFZvv5BgF9Igg=="
  "resolved" "https://registry.npmjs.org/cacheable-request/-/cacheable-request-6.1.0.tgz"
  "version" "6.1.0"
  dependencies:
    "clone-response" "^1.0.2"
    "get-stream" "^5.1.0"
    "http-cache-semantics" "^4.0.0"
    "keyv" "^3.0.0"
    "lowercase-keys" "^2.0.0"
    "normalize-url" "^4.1.0"
    "responselike" "^1.0.2"

"clone-response@^1.0.2":
  "integrity" "sha512-yjLXh88P599UOyPTFX0POsd7WxnbsVsGohcwzHOLspIhhpalPw1BcqED8NblyZLKcGrL8dTgMlcaZxV2jAD41Q=="
  "resolved" "https://registry.npmjs.org/clone-response/-/clone-response-1.0.2.tgz"
  "version" "1.0.2"
  dependencies:
    "mimic-response" "^1.0.0"

"combined-stream@^1.0.8":
  "integrity" "sha512-FQN4MRfuJeHf7cBbBMJFXhKSDq+2kAArBlmRBvcvFE5BB1HZKXtSFASDhdlz9zOYwxh8lDdnvmMOe/+5cdoEdg=="
  "resolved" "https://registry.npmjs.org/combined-stream/-/combined-stream-1.0.8.tgz"
  "version" "1.0.8"
  dependencies:
    "delayed-stream" "~1.0.0"

"configstore@^5.0.1":
  "integrity" "sha512-aMKprgk5YhBNyH25hj8wGt2+D52Sw1DRRIzqBwLp2Ya9mFmY8KPvvtvmna8SxVR9JMZ4kzMD68N22vlaRpkeFA=="
  "resolved" "https://registry.npmjs.org/configstore/-/configstore-5.0.1.tgz"
  "version" "5.0.1"
  dependencies:
    "dot-prop" "^5.2.0"
    "graceful-fs" "^4.1.2"
    "make-dir" "^3.0.0"
    "unique-string" "^2.0.0"
    "write-file-atomic" "^3.0.0"
    "xdg-basedir" "^4.0.0"

"crypto-random-string@^2.0.0":
  "integrity" "sha512-v1plID3y9r/lPhviJ1wrXpLeyUIGAZ2SHNYTEapm7/8A9nLPoyvVp3RK/EPFqn5kEznyWgYZNsRtYYIWbuG8KA=="
  "resolved" "https://registry.npmjs.org/crypto-random-string/-/crypto-random-string-2.0.0.tgz"
  "version" "2.0.0"

"decompress-response@^3.3.0":
  "integrity" "sha512-BzRPQuY1ip+qDonAOz42gRm/pg9F768C+npV/4JOsxRC2sq+Rlk+Q4ZCAsOhnIaMrgarILY+RMUIvMmmX1qAEA=="
  "resolved" "https://registry.npmjs.org/decompress-response/-/decompress-response-3.3.0.tgz"
  "version" "3.3.0"
  dependencies:
    "mimic-response" "^1.0.0"

"defer-to-connect@^1.0.1":
  "integrity" "sha512-0ISdNousHvZT2EiFlZeZAHBUvSxmKswVCEf8hW7KWgG4a8MVEu/3Vb6uWYozkjylyCxe0JBIiRB1jV45S70WVQ=="
  "resolved" "https://registry.npmjs.org/defer-to-connect/-/defer-to-connect-1.1.3.tgz"
  "version" "1.1.3"

"delayed-stream@~1.0.0":
  "integrity" "sha512-ZySD7Nf91aLB0RxL4KGrKHBXl7Eds1DAmEdcoVawXnLD7SDhpNgtuII2aAkg7a7QS41jxPSZ17p4VdGnMHk3MQ=="
  "resolved" "https://registry.npmjs.org/delayed-stream/-/delayed-stream-1.0.0.tgz"
  "version" "1.0.0"

"discord-api-types@^0.33.3":
  "integrity" "sha512-dvO5M52v7m7Dy96+XUnzXNsQ/0npsYpU6dL205kAtEDueswoz3aU3bh1UMoK4cQmcGtB1YRyLKqp+DXi05lzFg=="
  "resolved" "https://registry.npmjs.org/discord-api-types/-/discord-api-types-0.33.5.tgz"
  "version" "0.33.5"

"discord.js@^13.6.0":
  "integrity" "sha512-EPAA/2VLycYN5wSzavqa4iJ6qj3UtQFtHw5TH/60Fj29ymfEsCQVn//o1mTpwDxzwb+rPIrWhkxKIGGnjfv0Iw=="
  "resolved" "https://registry.npmjs.org/discord.js/-/discord.js-13.8.0.tgz"
  "version" "13.8.0"
  dependencies:
    "@discordjs/builders" "^0.14.0"
    "@discordjs/collection" "^0.7.0"
    "@sapphire/async-queue" "^1.3.1"
    "@types/node-fetch" "^2.6.1"
    "@types/ws" "^8.5.3"
    "discord-api-types" "^0.33.3"
    "form-data" "^4.0.0"
    "node-fetch" "^2.6.1"
    "ws" "^8.7.0"

"dot-prop@^5.2.0":
  "integrity" "sha512-QM8q3zDe58hqUqjraQOmzZ1LIH9SWQJTlEKCH4kJ2oQvLZk7RbQXvtDM2XEq3fwkV9CCvvH4LA0AV+ogFsBM2Q=="
  "resolved" "https://registry.npmjs.org/dot-prop/-/dot-prop-5.3.0.tgz"
  "version" "5.3.0"
  dependencies:
    "is-obj" "^2.0.0"

"duplexer3@^0.1.4":
  "integrity" "sha512-CEj8FwwNA4cVH2uFCoHUrmojhYh1vmCdOaneKJXwkeY1i9jnlslVo9dx+hQ5Hl9GnH/Bwy/IjxAyOePyPKYnzA=="
  "resolved" "https://registry.npmjs.org/duplexer3/-/duplexer3-0.1.4.tgz"
  "version" "0.1.4"

"end-of-stream@^1.1.0":
  "integrity" "sha512-+uw1inIHVPQoaVuHzRyXd21icM+cnt4CzD5rW+NC1wjOUSTOs+Te7FOv7AhN7vS9x/oIyhLP5PR1H+phQAHu5Q=="
  "resolved" "https://registry.npmjs.org/end-of-stream/-/end-of-stream-1.4.4.tgz"
  "version" "1.4.4"
  dependencies:
    "once" "^1.4.0"

"fast-deep-equal@^3.1.3":
  "integrity" "sha512-f3qQ9oQy9j2AhBe/H9VC91wLmKBCCU/gDOnKNAYG5hswO7BLKj09Hc5HYNz9cGI++xlpDCIgDaitVs03ATR84Q=="
  "resolved" "https://registry.npmjs.org/fast-deep-equal/-/fast-deep-equal-3.1.3.tgz"
  "version" "3.1.3"

"form-data@^3.0.0":
  "integrity" "sha512-RHkBKtLWUVwd7SqRIvCZMEvAMoGUp0XU+seQiZejj0COz3RI3hWP4sCv3gZWWLjJTd7rGwcsF5eKZGii0r/hbg=="
  "resolved" "https://registry.npmjs.org/form-data/-/form-data-3.0.1.tgz"
  "version" "3.0.1"
  dependencies:
    "asynckit" "^0.4.0"
    "combined-stream" "^1.0.8"
    "mime-types" "^2.1.12"

"form-data@^4.0.0":
  "integrity" "sha512-ETEklSGi5t0QMZuiXoA/Q6vcnxcLQP5vdugSpuAyi6SVGi2clPPp+xgEhuMaHC+zGgn31Kd235W35f7Hykkaww=="
  "resolved" "https://registry.npmjs.org/form-data/-/form-data-4.0.0.tgz"
  "version" "4.0.0"
  dependencies:
    "asynckit" "^0.4.0"
    "combined-stream" "^1.0.8"
    "mime-types" "^2.1.12"

"get-stream@^4.1.0":
  "integrity" "sha512-GMat4EJ5161kIy2HevLlr4luNjBgvmj413KaQA7jt4V8B4RDsfpHk7WQ9GVqfYyyx8OS/L66Kox+rJRNklLK7w=="
  "resolved" "https://registry.npmjs.org/get-stream/-/get-stream-4.1.0.tgz"
  "version" "4.1.0"
  dependencies:
    "pump" "^3.0.0"

"get-stream@^5.1.0":
  "integrity" "sha512-nBF+F1rAZVCu/p7rjzgA+Yb4lfYXrpl7a6VmJrU8wF9I1CKvP/QwPNZHnOlwbTkY6dvtFIzFMSyQXbLoTQPRpA=="
  "resolved" "https://registry.npmjs.org/get-stream/-/get-stream-5.2.0.tgz"
  "version" "5.2.0"
  dependencies:
    "pump" "^3.0.0"

"got@^9.6.0":
  "integrity" "sha512-R7eWptXuGYxwijs0eV+v3o6+XH1IqVK8dJOEecQfTmkncw9AV4dcw/Dhxi8MdlqPthxxpZyizMzyg8RTmEsG+Q=="
  "resolved" "https://registry.npmjs.org/got/-/got-9.6.0.tgz"
  "version" "9.6.0"
  dependencies:
    "@sindresorhus/is" "^0.14.0"
    "@szmarczak/http-timer" "^1.1.2"
    "cacheable-request" "^6.0.0"
    "decompress-response" "^3.3.0"
    "duplexer3" "^0.1.4"
    "get-stream" "^4.1.0"
    "lowercase-keys" "^1.0.1"
    "mimic-response" "^1.0.1"
    "p-cancelable" "^1.0.0"
    "to-readable-stream" "^1.0.0"
    "url-parse-lax" "^3.0.0"

"graceful-fs@^4.1.2":
  "integrity" "sha512-9ByhssR2fPVsNZj478qUUbKfmL0+t5BDVyjShtyZZLiK7ZDAArFFfopyOTj0M05wE2tJPisA4iTnnXl2YoPvOA=="
  "resolved" "https://registry.npmjs.org/graceful-fs/-/graceful-fs-4.2.10.tgz"
  "version" "4.2.10"

"http-cache-semantics@^4.0.0":
  "integrity" "sha512-carPklcUh7ROWRK7Cv27RPtdhYhUsela/ue5/jKzjegVvXDqM2ILE9Q2BGn9JZJh1g87cp56su/FgQSzcWS8cQ=="
  "resolved" "https://registry.npmjs.org/http-cache-semantics/-/http-cache-semantics-4.1.0.tgz"
  "version" "4.1.0"

"imurmurhash@^0.1.4":
  "integrity" "sha512-JmXMZ6wuvDmLiHEml9ykzqO6lwFbof0GG4IkcGaENdCRDDmMVnny7s5HsIgHCbaq0w2MyPhDqkhTUgS2LU2PHA=="
  "resolved" "https://registry.npmjs.org/imurmurhash/-/imurmurhash-0.1.4.tgz"
  "version" "0.1.4"

"is-obj@^2.0.0":
  "integrity" "sha512-drqDG3cbczxxEJRoOXcOjtdp1J/lyp1mNn0xaznRs8+muBhgQcrnbspox5X5fOw0HnMnbfDzvnEMEtqDEJEo8w=="
  "resolved" "https://registry.npmjs.org/is-obj/-/is-obj-2.0.0.tgz"
  "version" "2.0.0"

"is-typedarray@^1.0.0":
  "integrity" "sha512-cyA56iCMHAh5CdzjJIa4aohJyeO1YbwLi3Jc35MmRU6poroFjIGZzUzupGiRPOjgHg9TLu43xbpwXk523fMxKA=="
  "resolved" "https://registry.npmjs.org/is-typedarray/-/is-typedarray-1.0.0.tgz"
  "version" "1.0.0"

"js-yaml@^4.1.0":
  "integrity" "sha512-wpxZs9NoxZaJESJGIZTyDEaYpl0FKSA+FB9aJiyemKhMwkxQg63h4T1KJgUGHpTqPDNRcmmYLugrRjJlBtWvRA=="
  "resolved" "https://registry.npmjs.org/js-yaml/-/js-yaml-4.1.0.tgz"
  "version" "4.1.0"
  dependencies:
    "argparse" "^2.0.1"

"json-buffer@3.0.0":
  "integrity" "sha512-CuUqjv0FUZIdXkHPI8MezCnFCdaTAacej1TZYulLoAg1h/PhwkdXFN4V/gzY4g+fMBCOV2xF+rp7t2XD2ns/NQ=="
  "resolved" "https://registry.npmjs.org/json-buffer/-/json-buffer-3.0.0.tgz"
  "version" "3.0.0"

"keyv@^3.0.0":
  "integrity" "sha512-9ykJ/46SN/9KPM/sichzQ7OvXyGDYKGTaDlKMGCAlg2UK8KRy4jb0d8sFc+0Tt0YYnThq8X2RZgCg74RPxgcVA=="
  "resolved" "https://registry.npmjs.org/keyv/-/keyv-3.1.0.tgz"
  "version" "3.1.0"
  dependencies:
    "json-buffer" "3.0.0"

"lowercase-keys@^1.0.0", "lowercase-keys@^1.0.1":
  "integrity" "sha512-G2Lj61tXDnVFFOi8VZds+SoQjtQC3dgokKdDG2mTm1tx4m50NUHBOZSBwQQHyy0V12A0JTG4icfZQH+xPyh8VA=="
  "resolved" "https://registry.npmjs.org/lowercase-keys/-/lowercase-keys-1.0.1.tgz"
  "version" "1.0.1"

"lowercase-keys@^2.0.0":
  "integrity" "sha512-tqNXrS78oMOE73NMxK4EMLQsQowWf8jKooH9g7xPavRT706R6bkQJ6DY2Te7QukaZsulxa30wQ7bk0pm4XiHmA=="
  "resolved" "https://registry.npmjs.org/lowercase-keys/-/lowercase-keys-2.0.0.tgz"
  "version" "2.0.0"

"make-dir@^3.0.0":
  "integrity" "sha512-g3FeP20LNwhALb/6Cz6Dd4F2ngze0jz7tbzrD2wAV+o9FeNHe4rL+yK2md0J/fiSf1sa1ADhXqi5+oVwOM/eGw=="
  "resolved" "https://registry.npmjs.org/make-dir/-/make-dir-3.1.0.tgz"
  "version" "3.1.0"
  dependencies:
    "semver" "^6.0.0"

"mime-db@1.52.0":
  "integrity" "sha512-sPU4uV7dYlvtWJxwwxHD0PuihVNiE7TyAbQ5SWxDCB9mUYvOgroQOwYQQOKPJ8CIbE+1ETVlOoK1UC2nU3gYvg=="
  "resolved" "https://registry.npmjs.org/mime-db/-/mime-db-1.52.0.tgz"
  "version" "1.52.0"

"mime-types@^2.1.12":
  "integrity" "sha512-ZDY+bPm5zTTF+YpCrAU9nK0UgICYPT0QtT1NZWFv4s++TNkcgVaT0g6+4R2uI4MjQjzysHB1zxuWL50hzaeXiw=="
  "resolved" "https://registry.npmjs.org/mime-types/-/mime-types-2.1.35.tgz"
  "version" "2.1.35"
  dependencies:
    "mime-db" "1.52.0"

"mimic-response@^1.0.0", "mimic-response@^1.0.1":
  "integrity" "sha512-j5EctnkH7amfV/q5Hgmoal1g2QHFJRraOtmx0JpIqkxhBhI/lJSl1nMpQ45hVarwNETOoWEimndZ4QK0RHxuxQ=="
  "resolved" "https://registry.npmjs.org/mimic-response/-/mimic-response-1.0.1.tgz"
  "version" "1.0.1"

"moment@^2.29.3":
  "integrity" "sha512-c6YRvhEo//6T2Jz/vVtYzqBzwvPT95JBQ+smCytzf7c50oMZRsR/a4w88aD34I+/QVSfnoAnSBFPJHItlOMJVw=="
  "resolved" "https://registry.npmjs.org/moment/-/moment-2.29.3.tgz"
  "version" "2.29.3"

"node-fetch@^2.6.1":
  "integrity" "sha512-ZjMPFEfVx5j+y2yF35Kzx5sF7kDzxuDj6ziH4FFbOp87zKDZNx8yExJIb05OGF4Nlt9IHFIMBkRl41VdvcNdbQ=="
  "resolved" "https://registry.npmjs.org/node-fetch/-/node-fetch-2.6.7.tgz"
  "version" "2.6.7"
  dependencies:
    "whatwg-url" "^5.0.0"

"normalize-url@^4.1.0":
  "integrity" "sha512-9UZCFRHQdNrfTpGg8+1INIg93B6zE0aXMVFkw1WFwvO4SlZywU6aLg5Of0Ap/PgcbSw4LNxvMWXMeugwMCX0AA=="
  "resolved" "https://registry.npmjs.org/normalize-url/-/normalize-url-4.5.1.tgz"
  "version" "4.5.1"

"once@^1.3.1", "once@^1.4.0":
  "integrity" "sha512-lNaJgI+2Q5URQBkccEKHTQOPaXdUxnZZElQTZY0MFUAuaEqe1E+Nyvgdz/aIyNi6Z9MzO5dv1H8n58/GELp3+w=="
  "resolved" "https://registry.npmjs.org/once/-/once-1.4.0.tgz"
  "version" "1.4.0"
  dependencies:
    "wrappy" "1"

"p-cancelable@^1.0.0":
  "integrity" "sha512-s73XxOZ4zpt1edZYZzvhqFa6uvQc1vwUa0K0BdtIZgQMAJj9IbebH+JkgKZc9h+B05PKHLOTl4ajG1BmNrVZlw=="
  "resolved" "https://registry.npmjs.org/p-cancelable/-/p-cancelable-1.1.0.tgz"
  "version" "1.1.0"

"prepend-http@^2.0.0":
  "integrity" "sha512-ravE6m9Atw9Z/jjttRUZ+clIXogdghyZAuWJ3qEzjT+jI/dL1ifAqhZeC5VHzQp1MSt1+jxKkFNemj/iO7tVUA=="
  "resolved" "https://registry.npmjs.org/prepend-http/-/prepend-http-2.0.0.tgz"
  "version" "2.0.0"

"pump@^3.0.0":
  "integrity" "sha512-LwZy+p3SFs1Pytd/jYct4wpv49HiYCqd9Rlc5ZVdk0V+8Yzv6jR5Blk3TRmPL1ft69TxP0IMZGJ+WPFU2BFhww=="
  "resolved" "https://registry.npmjs.org/pump/-/pump-3.0.0.tgz"
  "version" "3.0.0"
  dependencies:
    "end-of-stream" "^1.1.0"
    "once" "^1.3.1"

"responselike@^1.0.2":
  "integrity" "sha512-/Fpe5guzJk1gPqdJLJR5u7eG/gNY4nImjbRDaVWVMRhne55TCmj2i9Q+54PBRfatRC8v/rIiv9BN0pMd9OV5EQ=="
  "resolved" "https://registry.npmjs.org/responselike/-/responselike-1.0.2.tgz"
  "version" "1.0.2"
  dependencies:
    "lowercase-keys" "^1.0.0"

"semver@^6.0.0":
  "integrity" "sha512-b39TBaTSfV6yBrapU89p5fKekE2m/NwnDocOVruQFS1/veMgdzuPcnOM34M6CwxW8jH/lxEa5rBoDeUwu5HHTw=="
  "resolved" "https://registry.npmjs.org/semver/-/semver-6.3.0.tgz"
  "version" "6.3.0"

"signal-exit@^3.0.2":
  "integrity" "sha512-wnD2ZE+l+SPC/uoS0vXeE9L1+0wuaMqKlfz9AMUo38JsyLSBWSFcHR1Rri62LZc12vLr1gb3jl7iwQhgwpAbGQ=="
  "resolved" "https://registry.npmjs.org/signal-exit/-/signal-exit-3.0.7.tgz"
  "version" "3.0.7"

"to-readable-stream@^1.0.0":
  "integrity" "sha512-Iq25XBt6zD5npPhlLVXGFN3/gyR2/qODcKNNyTMd4vbm39HUaOiAM4PMq0eMVC/Tkxz+Zjdsc55g9yyz+Yq00Q=="
  "resolved" "https://registry.npmjs.org/to-readable-stream/-/to-readable-stream-1.0.0.tgz"
  "version" "1.0.0"

"tr46@~0.0.3":
  "integrity" "sha512-N3WMsuqV66lT30CrXNbEjx4GEwlow3v6rr4mCcv6prnfwhS01rkgyFdjPNBYd9br7LpXV1+Emh01fHnq2Gdgrw=="
  "resolved" "https://registry.npmjs.org/tr46/-/tr46-0.0.3.tgz"
  "version" "0.0.3"

"ts-mixer@^6.0.1":
  "integrity" "sha512-hvE+ZYXuINrx6Ei6D6hz+PTim0Uf++dYbK9FFifLNwQj+RwKquhQpn868yZsCtJYiclZF1u8l6WZxxKi+vv7Rg=="
  "resolved" "https://registry.npmjs.org/ts-mixer/-/ts-mixer-6.0.1.tgz"
  "version" "6.0.1"

"tslib@^2.4.0":
  "integrity" "sha512-d6xOpEDfsi2CZVlPQzGeux8XMwLT9hssAsaPYExaQMuYskwb+x1x7J371tWlbBdWHroy99KnVB6qIkUbs5X3UQ=="
  "resolved" "https://registry.npmjs.org/tslib/-/tslib-2.4.0.tgz"
  "version" "2.4.0"

"typedarray-to-buffer@^3.1.5":
  "integrity" "sha512-zdu8XMNEDepKKR+XYOXAVPtWui0ly0NtohUscw+UmaHiAWT8hrV1rr//H6V+0DvJ3OQ19S979M0laLfX8rm82Q=="
  "resolved" "https://registry.npmjs.org/typedarray-to-buffer/-/typedarray-to-buffer-3.1.5.tgz"
  "version" "3.1.5"
  dependencies:
    "is-typedarray" "^1.0.0"

"unique-string@^2.0.0":
  "integrity" "sha512-uNaeirEPvpZWSgzwsPGtU2zVSTrn/8L5q/IexZmH0eH6SA73CmAA5U4GwORTxQAZs95TAXLNqeLoPPNO5gZfWg=="
  "resolved" "https://registry.npmjs.org/unique-string/-/unique-string-2.0.0.tgz"
  "version" "2.0.0"
  dependencies:
    "crypto-random-string" "^2.0.0"

"url-parse-lax@^3.0.0":
  "integrity" "sha512-NjFKA0DidqPa5ciFcSrXnAltTtzz84ogy+NebPvfEgAck0+TNg4UJ4IN+fB7zRZfbgUf0syOo9MDxFkDSMuFaQ=="
  "resolved" "https://registry.npmjs.org/url-parse-lax/-/url-parse-lax-3.0.0.tgz"
  "version" "3.0.0"
  dependencies:
    "prepend-http" "^2.0.0"

"webidl-conversions@^3.0.0":
  "integrity" "sha512-2JAn3z8AR6rjK8Sm8orRC0h/bcl/DqL7tRPdGZ4I1CjdF+EaMLmYxBHyXuKL849eucPFhvBoxMsflfOb8kxaeQ=="
  "resolved" "https://registry.npmjs.org/webidl-conversions/-/webidl-conversions-3.0.1.tgz"
  "version" "3.0.1"

"whatwg-url@^5.0.0":
  "integrity" "sha512-saE57nupxk6v3HY35+jzBwYa0rKSy0XR8JSxZPwgLr7ys0IBzhGviA1/TUGJLmSVqs8pb9AnvICXEuOHLprYTw=="
  "resolved" "https://registry.npmjs.org/whatwg-url/-/whatwg-url-5.0.0.tgz"
  "version" "5.0.0"
  dependencies:
    "tr46" "~0.0.3"
    "webidl-conversions" "^3.0.0"

"wrappy@1":
  "integrity" "sha512-l4Sp/DRseor9wL6EvV2+TuQn63dMkPjZ/sp9XkghTEbV9KlPS1xUsZ3u7/IQO4wxtcFB4bgpQPRcR3QCvezPcQ=="
  "resolved" "https://registry.npmjs.org/wrappy/-/wrappy-1.0.2.tgz"
  "version" "1.0.2"

"write-file-atomic@^3.0.0":
  "integrity" "sha512-AvHcyZ5JnSfq3ioSyjrBkH9yW4m7Ayk8/9My/DD9onKeu/94fwrMocemO2QAJFAlnnDN+ZDS+ZjAR5ua1/PV/Q=="
  "resolved" "https://registry.npmjs.org/write-file-atomic/-/write-file-atomic-3.0.3.tgz"
  "version" "3.0.3"
  dependencies:
    "imurmurhash" "^0.1.4"
    "is-typedarray" "^1.0.0"
    "signal-exit" "^3.0.2"
    "typedarray-to-buffer" "^3.1.5"

"ws@^8.7.0":
  "integrity" "sha512-JDAgSYQ1ksuwqfChJusw1LSJ8BizJ2e/vVu5Lxjq3YvNJNlROv1ui4i+c/kUUrPheBvQl4c5UbERhTwKa6QBJQ=="
  "resolved" "https://registry.npmjs.org/ws/-/ws-8.8.0.tgz"
  "version" "8.8.0"

"xdg-basedir@^4.0.0":
  "integrity" "sha512-PSNhEJDejZYV7h50BohL09Er9VaIefr2LMAf3OEmpCkjOi34eYyQYAXUTjEQtZJTKcF0E2UKTh+osDLsgNim9Q=="
  "resolved" "https://registry.npmjs.org/xdg-basedir/-/xdg-basedir-4.0.0.tgz"
  "version" "4.0.0"
